
Microsoft Visual Studio Solution File, Format Version 12.00
# Visual Studio Version 17
VisualStudioVersion = 17.5.002.0
MinimumVisualStudioVersion = 10.0.40219.1
Project("{9A19103F-16F7-4668-BE54-9A1E7A4F7556}") = "sexpr", "SExpr\sexpr.csproj", "{BDEE8904-97FD-4F2E-81CF-6E33980D0A57}"
EndProject
Global
	GlobalSection(SolutionConfigurationPlatforms) = preSolution
		Debug|Any CPU = Debug|Any CPU
		Release|Any CPU = Release|Any CPU
	EndGlobalSection
	GlobalSection(ProjectConfigurationPlatforms) = postSolution
		{BDEE8904-97FD-4F2E-81CF-6E33980D0A57}.Debug|Any CPU.ActiveCfg = Debug|Any CPU
		{BDEE8904-97FD-4F2E-81CF-6E33980D0A57}.Debug|Any CPU.Build.0 = Debug|Any CPU
		{BDEE8904-97FD-4F2E-81CF-6E33980D0A57}.Release|Any CPU.ActiveCfg = Release|Any CPU
		{BDEE8904-97FD-4F2E-81CF-6E33980D0A57}.Release|Any CPU.Build.0 = Release|Any CPU
	EndGlobalSection
	GlobalSection(SolutionProperties) = preSolution
		HideSolutionNode = FALSE
	EndGlobalSection
	GlobalSection(ExtensibilityGlobals) = postSolution
		SolutionGuid = {F0B2195F-4BB9-4C59-BBA9-CFF4B2CE5187}
	EndGlobalSection
EndGlobal
