
Microsoft Visual Studio Solution File, Format Version 12.00
# Visual Studio Version 17
VisualStudioVersion = 17.5.002.0
MinimumVisualStudioVersion = 10.0.40219.1
Project("{2150E333-8FDC-42A3-9474-1A3956D46DE8}") = "Imp", "Imp", "{8FF4A25C-CB58-46C1-8AF1-2457965EA776}"
EndProject
Project("{9A19103F-16F7-4668-BE54-9A1E7A4F7556}") = "Parameters", "Imp\Parameters\Parameters.csproj", "{F2AE6874-561F-47B4-B875-B18E12821A66}"
EndProject
Global
	GlobalSection(SolutionConfigurationPlatforms) = preSolution
		Debug|Any CPU = Debug|Any CPU
		Release|Any CPU = Release|Any CPU
	EndGlobalSection
	GlobalSection(ProjectConfigurationPlatforms) = postSolution
		{F2AE6874-561F-47B4-B875-B18E12821A66}.Debug|Any CPU.ActiveCfg = Debug|Any CPU
		{F2AE6874-561F-47B4-B875-B18E12821A66}.Debug|Any CPU.Build.0 = Debug|Any CPU
		{F2AE6874-561F-47B4-B875-B18E12821A66}.Release|Any CPU.ActiveCfg = Release|Any CPU
		{F2AE6874-561F-47B4-B875-B18E12821A66}.Release|Any CPU.Build.0 = Release|Any CPU
	EndGlobalSection
	GlobalSection(SolutionProperties) = preSolution
		HideSolutionNode = FALSE
	EndGlobalSection
	GlobalSection(NestedProjects) = preSolution
		{F2AE6874-561F-47B4-B875-B18E12821A66} = {8FF4A25C-CB58-46C1-8AF1-2457965EA776}
	EndGlobalSection
	GlobalSection(ExtensibilityGlobals) = postSolution
		SolutionGuid = {7DAA9660-DB79-4BF7-8303-6518E808D3A2}
	EndGlobalSection
EndGlobal
