
Microsoft Visual Studio Solution File, Format Version 12.00
# Visual Studio Version 17
VisualStudioVersion = 17.5.002.0
MinimumVisualStudioVersion = 10.0.40219.1
Project("{9A19103F-16F7-4668-BE54-9A1E7A4F7556}") = "Factorial", "Factorial\Factorial.csproj", "{1485B8EE-41DB-4EE3-909A-74E825F46DE7}"
EndProject
Global
	GlobalSection(SolutionConfigurationPlatforms) = preSolution
		Debug|Any CPU = Debug|Any CPU
		Release|Any CPU = Release|Any CPU
	EndGlobalSection
	GlobalSection(ProjectConfigurationPlatforms) = postSolution
		{1485B8EE-41DB-4EE3-909A-74E825F46DE7}.Debug|Any CPU.ActiveCfg = Debug|Any CPU
		{1485B8EE-41DB-4EE3-909A-74E825F46DE7}.Debug|Any CPU.Build.0 = Debug|Any CPU
		{1485B8EE-41DB-4EE3-909A-74E825F46DE7}.Release|Any CPU.ActiveCfg = Release|Any CPU
		{1485B8EE-41DB-4EE3-909A-74E825F46DE7}.Release|Any CPU.Build.0 = Release|Any CPU
	EndGlobalSection
	GlobalSection(SolutionProperties) = preSolution
		HideSolutionNode = FALSE
	EndGlobalSection
	GlobalSection(ExtensibilityGlobals) = postSolution
		SolutionGuid = {44FC8F91-043C-4304-8415-95A98A9C4A24}
	EndGlobalSection
EndGlobal
